
Microsoft Visual Studio Solution File, Format Version 12.00
# Visual Studio 14
VisualStudioVersion = 14.0.25123.0
MinimumVisualStudioVersion = 10.0.40219.1
Project("{FAE04EC0-301F-11D3-BF4B-00C04F79EFBC}") = "WpfApplication1", "WpfApplication1\WpfApplication1.csproj", "{8102E23D-89C8-4AAC-82B1-822E8AF88251}"
EndProject
Project("{FAE04EC0-301F-11D3-BF4B-00C04F79EFBC}") = "Model", "Model\Model.csproj", "{5995C2D7-CE23-4A1E-A044-FAC97620C402}"
EndProject
Global
	GlobalSection(SolutionConfigurationPlatforms) = preSolution
		Debug|Any CPU = Debug|Any CPU
		Release|Any CPU = Release|Any CPU
	EndGlobalSection
	GlobalSection(ProjectConfigurationPlatforms) = postSolution
		{8102E23D-89C8-4AAC-82B1-822E8AF88251}.Debug|Any CPU.ActiveCfg = Debug|Any CPU
		{8102E23D-89C8-4AAC-82B1-822E8AF88251}.Debug|Any CPU.Build.0 = Debug|Any CPU
		{8102E23D-89C8-4AAC-82B1-822E8AF88251}.Release|Any CPU.ActiveCfg = Release|Any CPU
		{8102E23D-89C8-4AAC-82B1-822E8AF88251}.Release|Any CPU.Build.0 = Release|Any CPU
		{5995C2D7-CE23-4A1E-A044-FAC97620C402}.Debug|Any CPU.ActiveCfg = Debug|Any CPU
		{5995C2D7-CE23-4A1E-A044-FAC97620C402}.Debug|Any CPU.Build.0 = Debug|Any CPU
		{5995C2D7-CE23-4A1E-A044-FAC97620C402}.Release|Any CPU.ActiveCfg = Release|Any CPU
		{5995C2D7-CE23-4A1E-A044-FAC97620C402}.Release|Any CPU.Build.0 = Release|Any CPU
	EndGlobalSection
	GlobalSection(SolutionProperties) = preSolution
		HideSolutionNode = FALSE
	EndGlobalSection
EndGlobal
